// !$*UTF8*$!
{
	archiveVersion = 1;
	classes = {
	};
	objectVersion = 55;
	objects = {

/* Begin PBXBuildFile section */
		BD3DB6D727FCCE330066DA43 /* SkeletonProjectApp.swift in Sources */ = {isa = PBXBuildFile; fileRef = BD3DB6AF27FCCE310066DA43 /* SkeletonProjectApp.swift */; };
		BD3DB6D827FCCE330066DA43 /* SkeletonProjectApp.swift in Sources */ = {isa = PBXBuildFile; fileRef = BD3DB6AF27FCCE310066DA43 /* SkeletonProjectApp.swift */; };
		BD3DB6D927FCCE330066DA43 /* ContentView.swift in Sources */ = {isa = PBXBuildFile; fileRef = BD3DB6B027FCCE310066DA43 /* ContentView.swift */; };
		BD3DB6DA27FCCE330066DA43 /* ContentView.swift in Sources */ = {isa = PBXBuildFile; fileRef = BD3DB6B027FCCE310066DA43 /* ContentView.swift */; };
		BD3DB6DB27FCCE330066DA43 /* Assets.xcassets in Resources */ = {isa = PBXBuildFile; fileRef = BD3DB6B127FCCE330066DA43 /* Assets.xcassets */; };
		BD3DB6DC27FCCE330066DA43 /* Assets.xcassets in Resources */ = {isa = PBXBuildFile; fileRef = BD3DB6B127FCCE330066DA43 /* Assets.xcassets */; };
		BD3DB6F527FCD0D60066DA43 /* URLHandler.swift in Sources */ = {isa = PBXBuildFile; fileRef = BD3DB6F427FCD0D60066DA43 /* URLHandler.swift */; };
		BD3DB6F627FCD0D60066DA43 /* URLHandler.swift in Sources */ = {isa = PBXBuildFile; fileRef = BD3DB6F427FCD0D60066DA43 /* URLHandler.swift */; };
		BD3DB6F827FCD1520066DA43 /* URLHandlerFake.swift.swift in Sources */ = {isa = PBXBuildFile; fileRef = BD3DB6F727FCD1520066DA43 /* URLHandlerFake.swift.swift */; };
		BD3DB6F927FCD1520066DA43 /* URLHandlerFake.swift.swift in Sources */ = {isa = PBXBuildFile; fileRef = BD3DB6F727FCD1520066DA43 /* URLHandlerFake.swift.swift */; };
		BD3DB6FB27FCD2120066DA43 /* DefaultURLHandler.swift in Sources */ = {isa = PBXBuildFile; fileRef = BD3DB6FA27FCD2120066DA43 /* DefaultURLHandler.swift */; };
		BD3DB6FC27FCD2120066DA43 /* DefaultURLHandler.swift in Sources */ = {isa = PBXBuildFile; fileRef = BD3DB6FA27FCD2120066DA43 /* DefaultURLHandler.swift */; };
		BD3DB70F27FCD7750066DA43 /* DefaultURLHandlerTests.swift in Sources */ = {isa = PBXBuildFile; fileRef = BD3DB6FE27FCD2930066DA43 /* DefaultURLHandlerTests.swift */; };
/* End PBXBuildFile section */

/* Begin PBXContainerItemProxy section */
		BD3DB70A27FCD7600066DA43 /* PBXContainerItemProxy */ = {
			isa = PBXContainerItemProxy;
			containerPortal = BD3DB6AA27FCCE310066DA43 /* Project object */;
			proxyType = 1;
			remoteGlobalIDString = BD3DB6B527FCCE330066DA43;
			remoteInfo = "SkeletonProject (iOS)";
		};
		BD3DB71827FCD7B00066DA43 /* PBXContainerItemProxy */ = {
			isa = PBXContainerItemProxy;
			containerPortal = BD3DB6AA27FCCE310066DA43 /* Project object */;
			proxyType = 1;
			remoteGlobalIDString = BD3DB6BB27FCCE330066DA43;
			remoteInfo = "SkeletonProject (macOS)";
		};
/* End PBXContainerItemProxy section */

/* Begin PBXFileReference section */
		BD3DB6AF27FCCE310066DA43 /* SkeletonProjectApp.swift */ = {isa = PBXFileReference; lastKnownFileType = sourcecode.swift; path = SkeletonProjectApp.swift; sourceTree = "<group>"; };
		BD3DB6B027FCCE310066DA43 /* ContentView.swift */ = {isa = PBXFileReference; lastKnownFileType = sourcecode.swift; path = ContentView.swift; sourceTree = "<group>"; };
		BD3DB6B127FCCE330066DA43 /* Assets.xcassets */ = {isa = PBXFileReference; lastKnownFileType = folder.assetcatalog; path = Assets.xcassets; sourceTree = "<group>"; };
		BD3DB6B627FCCE330066DA43 /* SkeletonProject.app */ = {isa = PBXFileReference; explicitFileType = wrapper.application; includeInIndex = 0; path = SkeletonProject.app; sourceTree = BUILT_PRODUCTS_DIR; };
		BD3DB6BC27FCCE330066DA43 /* SkeletonProject.app */ = {isa = PBXFileReference; explicitFileType = wrapper.application; includeInIndex = 0; path = SkeletonProject.app; sourceTree = BUILT_PRODUCTS_DIR; };
		BD3DB6BE27FCCE330066DA43 /* macOS.entitlements */ = {isa = PBXFileReference; lastKnownFileType = text.plist.entitlements; path = macOS.entitlements; sourceTree = "<group>"; };
		BD3DB6C727FCCE330066DA43 /* Tests_iOS.swift */ = {isa = PBXFileReference; lastKnownFileType = sourcecode.swift; path = Tests_iOS.swift; sourceTree = "<group>"; };
		BD3DB6C927FCCE330066DA43 /* Tests_iOSLaunchTests.swift */ = {isa = PBXFileReference; lastKnownFileType = sourcecode.swift; path = Tests_iOSLaunchTests.swift; sourceTree = "<group>"; };
		BD3DB6D327FCCE330066DA43 /* Tests_macOS.swift */ = {isa = PBXFileReference; lastKnownFileType = sourcecode.swift; path = Tests_macOS.swift; sourceTree = "<group>"; };
		BD3DB6D527FCCE330066DA43 /* Tests_macOSLaunchTests.swift */ = {isa = PBXFileReference; lastKnownFileType = sourcecode.swift; path = Tests_macOSLaunchTests.swift; sourceTree = "<group>"; };
		BD3DB6EB27FCCE5B0066DA43 /* README.md */ = {isa = PBXFileReference; lastKnownFileType = net.daringfireball.markdown; path = README.md; sourceTree = SOURCE_ROOT; };
		BD3DB6F427FCD0D60066DA43 /* URLHandler.swift */ = {isa = PBXFileReference; lastKnownFileType = sourcecode.swift; path = URLHandler.swift; sourceTree = "<group>"; };
		BD3DB6F727FCD1520066DA43 /* URLHandlerFake.swift.swift */ = {isa = PBXFileReference; lastKnownFileType = sourcecode.swift; path = URLHandlerFake.swift.swift; sourceTree = "<group>"; };
		BD3DB6FA27FCD2120066DA43 /* DefaultURLHandler.swift */ = {isa = PBXFileReference; lastKnownFileType = sourcecode.swift; path = DefaultURLHandler.swift; sourceTree = "<group>"; };
		BD3DB6FE27FCD2930066DA43 /* DefaultURLHandlerTests.swift */ = {isa = PBXFileReference; lastKnownFileType = sourcecode.swift; path = DefaultURLHandlerTests.swift; sourceTree = "<group>"; };
		BD3DB70627FCD7600066DA43 /* SkeletonProjectUnitTests (iOS).xctest */ = {isa = PBXFileReference; explicitFileType = wrapper.cfbundle; includeInIndex = 0; path = "SkeletonProjectUnitTests (iOS).xctest"; sourceTree = BUILT_PRODUCTS_DIR; };
		BD3DB71427FCD7B00066DA43 /* SkeletonProjectUnitTests (macOS).xctest */ = {isa = PBXFileReference; explicitFileType = wrapper.cfbundle; includeInIndex = 0; path = "SkeletonProjectUnitTests (macOS).xctest"; sourceTree = BUILT_PRODUCTS_DIR; };
/* End PBXFileReference section */

/* Begin PBXFrameworksBuildPhase section */
		BD3DB6B327FCCE330066DA43 /* Frameworks */ = {
			isa = PBXFrameworksBuildPhase;
			buildActionMask = 2147483647;
			files = (
			);
			runOnlyForDeploymentPostprocessing = 0;
		};
		BD3DB6B927FCCE330066DA43 /* Frameworks */ = {
			isa = PBXFrameworksBuildPhase;
			buildActionMask = 2147483647;
			files = (
			);
			runOnlyForDeploymentPostprocessing = 0;
		};
		BD3DB70327FCD7600066DA43 /* Frameworks */ = {
			isa = PBXFrameworksBuildPhase;
			buildActionMask = 2147483647;
			files = (
			);
			runOnlyForDeploymentPostprocessing = 0;
		};
		BD3DB71127FCD7B00066DA43 /* Frameworks */ = {
			isa = PBXFrameworksBuildPhase;
			buildActionMask = 2147483647;
			files = (
			);
			runOnlyForDeploymentPostprocessing = 0;
		};
/* End PBXFrameworksBuildPhase section */

/* Begin PBXGroup section */
		BD3DB6A927FCCE310066DA43 = {
			isa = PBXGroup;
			children = (
				BD3DB6EB27FCCE5B0066DA43 /* README.md */,
				BD3DB6AE27FCCE310066DA43 /* App */,
				BD3DB6EC27FCCFFF0066DA43 /* Systems */,
				BD3DB6B727FCCE330066DA43 /* Products */,
			);
			sourceTree = "<group>";
		};
		BD3DB6AE27FCCE310066DA43 /* App */ = {
			isa = PBXGroup;
			children = (
				BD3DB6C627FCCE330066DA43 /* Tests iOS */,
				BD3DB6D227FCCE330066DA43 /* Tests macOS */,
				BD3DB6BD27FCCE330066DA43 /* macOS */,
				BD3DB6AF27FCCE310066DA43 /* SkeletonProjectApp.swift */,
				BD3DB6B027FCCE310066DA43 /* ContentView.swift */,
				BD3DB6B127FCCE330066DA43 /* Assets.xcassets */,
			);
			path = App;
			sourceTree = "<group>";
		};
		BD3DB6B727FCCE330066DA43 /* Products */ = {
			isa = PBXGroup;
			children = (
				BD3DB6B627FCCE330066DA43 /* SkeletonProject.app */,
				BD3DB6BC27FCCE330066DA43 /* SkeletonProject.app */,
				BD3DB70627FCD7600066DA43 /* SkeletonProjectUnitTests (iOS).xctest */,
				BD3DB71427FCD7B00066DA43 /* SkeletonProjectUnitTests (macOS).xctest */,
			);
			name = Products;
			sourceTree = "<group>";
		};
		BD3DB6BD27FCCE330066DA43 /* macOS */ = {
			isa = PBXGroup;
			children = (
				BD3DB6BE27FCCE330066DA43 /* macOS.entitlements */,
			);
			path = macOS;
			sourceTree = "<group>";
		};
		BD3DB6C627FCCE330066DA43 /* Tests iOS */ = {
			isa = PBXGroup;
			children = (
				BD3DB6C727FCCE330066DA43 /* Tests_iOS.swift */,
				BD3DB6C927FCCE330066DA43 /* Tests_iOSLaunchTests.swift */,
			);
			path = "Tests iOS";
			sourceTree = "<group>";
		};
		BD3DB6D227FCCE330066DA43 /* Tests macOS */ = {
			isa = PBXGroup;
			children = (
				BD3DB6D327FCCE330066DA43 /* Tests_macOS.swift */,
				BD3DB6D527FCCE330066DA43 /* Tests_macOSLaunchTests.swift */,
			);
			path = "Tests macOS";
			sourceTree = "<group>";
		};
		BD3DB6EC27FCCFFF0066DA43 /* Systems */ = {
			isa = PBXGroup;
			children = (
				BD3DB6ED27FCD0080066DA43 /* Navigation */,
			);
			path = Systems;
			sourceTree = "<group>";
		};
		BD3DB6ED27FCD0080066DA43 /* Navigation */ = {
			isa = PBXGroup;
			children = (
				BD3DB6F327FCD05D0066DA43 /* Routing */,
				BD3DB6EE27FCD0130066DA43 /* URLHandler */,
			);
			path = Navigation;
			sourceTree = "<group>";
		};
		BD3DB6EE27FCD0130066DA43 /* URLHandler */ = {
			isa = PBXGroup;
			children = (
				BD3DB6EF27FCD0210066DA43 /* API */,
				BD3DB6F227FCD0340066DA43 /* Fakes */,
				BD3DB6F027FCD0270066DA43 /* Implementation */,
				BD3DB6F127FCD02E0066DA43 /* Tests */,
			);
			path = URLHandler;
			sourceTree = "<group>";
		};
		BD3DB6EF27FCD0210066DA43 /* API */ = {
			isa = PBXGroup;
			children = (
				BD3DB6F427FCD0D60066DA43 /* URLHandler.swift */,
			);
			path = API;
			sourceTree = "<group>";
		};
		BD3DB6F027FCD0270066DA43 /* Implementation */ = {
			isa = PBXGroup;
			children = (
				BD3DB6FA27FCD2120066DA43 /* DefaultURLHandler.swift */,
			);
			path = Implementation;
			sourceTree = "<group>";
		};
		BD3DB6F127FCD02E0066DA43 /* Tests */ = {
			isa = PBXGroup;
			children = (
				BD3DB6FE27FCD2930066DA43 /* DefaultURLHandlerTests.swift */,
			);
			path = Tests;
			sourceTree = "<group>";
		};
		BD3DB6F227FCD0340066DA43 /* Fakes */ = {
			isa = PBXGroup;
			children = (
				BD3DB6F727FCD1520066DA43 /* URLHandlerFake.swift.swift */,
			);
			path = Fakes;
			sourceTree = "<group>";
		};
		BD3DB6F327FCD05D0066DA43 /* Routing */ = {
			isa = PBXGroup;
			children = (
			);
			path = Routing;
			sourceTree = "<group>";
		};
/* End PBXGroup section */

/* Begin PBXNativeTarget section */
		BD3DB6B527FCCE330066DA43 /* SkeletonProject (iOS) */ = {
			isa = PBXNativeTarget;
			buildConfigurationList = BD3DB6DF27FCCE330066DA43 /* Build configuration list for PBXNativeTarget "SkeletonProject (iOS)" */;
			buildPhases = (
				BD3DB6B227FCCE330066DA43 /* Sources */,
				BD3DB6B327FCCE330066DA43 /* Frameworks */,
				BD3DB6B427FCCE330066DA43 /* Resources */,
			);
			buildRules = (
			);
			dependencies = (
			);
			name = "SkeletonProject (iOS)";
			productName = "SkeletonProject (iOS)";
			productReference = BD3DB6B627FCCE330066DA43 /* SkeletonProject.app */;
			productType = "com.apple.product-type.application";
		};
		BD3DB6BB27FCCE330066DA43 /* SkeletonProject (macOS) */ = {
			isa = PBXNativeTarget;
			buildConfigurationList = BD3DB6E227FCCE330066DA43 /* Build configuration list for PBXNativeTarget "SkeletonProject (macOS)" */;
			buildPhases = (
				BD3DB6B827FCCE330066DA43 /* Sources */,
				BD3DB6B927FCCE330066DA43 /* Frameworks */,
				BD3DB6BA27FCCE330066DA43 /* Resources */,
			);
			buildRules = (
			);
			dependencies = (
			);
			name = "SkeletonProject (macOS)";
			productName = "SkeletonProject (macOS)";
			productReference = BD3DB6BC27FCCE330066DA43 /* SkeletonProject.app */;
			productType = "com.apple.product-type.application";
		};
		BD3DB70527FCD7600066DA43 /* SkeletonProjectUnitTests (iOS) */ = {
			isa = PBXNativeTarget;
			buildConfigurationList = BD3DB70C27FCD7600066DA43 /* Build configuration list for PBXNativeTarget "SkeletonProjectUnitTests (iOS)" */;
			buildPhases = (
				BD3DB70227FCD7600066DA43 /* Sources */,
				BD3DB70327FCD7600066DA43 /* Frameworks */,
				BD3DB70427FCD7600066DA43 /* Resources */,
			);
			buildRules = (
			);
			dependencies = (
				BD3DB70B27FCD7600066DA43 /* PBXTargetDependency */,
			);
			name = "SkeletonProjectUnitTests (iOS)";
			productName = "SkeletonProjectUnitTests iOS";
			productReference = BD3DB70627FCD7600066DA43 /* SkeletonProjectUnitTests (iOS).xctest */;
			productType = "com.apple.product-type.bundle.unit-test";
		};
		BD3DB71327FCD7B00066DA43 /* SkeletonProjectUnitTests (macOS) */ = {
			isa = PBXNativeTarget;
			buildConfigurationList = BD3DB71A27FCD7B00066DA43 /* Build configuration list for PBXNativeTarget "SkeletonProjectUnitTests (macOS)" */;
			buildPhases = (
				BD3DB71027FCD7B00066DA43 /* Sources */,
				BD3DB71127FCD7B00066DA43 /* Frameworks */,
				BD3DB71227FCD7B00066DA43 /* Resources */,
			);
			buildRules = (
			);
			dependencies = (
				BD3DB71927FCD7B00066DA43 /* PBXTargetDependency */,
			);
			name = "SkeletonProjectUnitTests (macOS)";
			productName = "SkeletonProjectUnitTests MacOS";
			productReference = BD3DB71427FCD7B00066DA43 /* SkeletonProjectUnitTests (macOS).xctest */;
			productType = "com.apple.product-type.bundle.unit-test";
		};
/* End PBXNativeTarget section */

/* Begin PBXProject section */
		BD3DB6AA27FCCE310066DA43 /* Project object */ = {
			isa = PBXProject;
			attributes = {
				BuildIndependentTargetsInParallel = 1;
				LastSwiftUpdateCheck = 1330;
				LastUpgradeCheck = 1330;
				TargetAttributes = {
					BD3DB6B527FCCE330066DA43 = {
						CreatedOnToolsVersion = 13.3;
					};
					BD3DB6BB27FCCE330066DA43 = {
						CreatedOnToolsVersion = 13.3;
					};
					BD3DB70527FCD7600066DA43 = {
						CreatedOnToolsVersion = 13.3;
						TestTargetID = BD3DB6B527FCCE330066DA43;
					};
					BD3DB71327FCD7B00066DA43 = {
						CreatedOnToolsVersion = 13.3;
						TestTargetID = BD3DB6BB27FCCE330066DA43;
					};
				};
			};
			buildConfigurationList = BD3DB6AD27FCCE310066DA43 /* Build configuration list for PBXProject "SkeletonProject" */;
			compatibilityVersion = "Xcode 13.0";
			developmentRegion = en;
			hasScannedForEncodings = 0;
			knownRegions = (
				en,
				Base,
			);
			mainGroup = BD3DB6A927FCCE310066DA43;
			productRefGroup = BD3DB6B727FCCE330066DA43 /* Products */;
			projectDirPath = "";
			projectRoot = "";
			targets = (
				BD3DB6B527FCCE330066DA43 /* SkeletonProject (iOS) */,
				BD3DB6BB27FCCE330066DA43 /* SkeletonProject (macOS) */,
				BD3DB70527FCD7600066DA43 /* SkeletonProjectUnitTests (iOS) */,
				BD3DB71327FCD7B00066DA43 /* SkeletonProjectUnitTests (macOS) */,
			);
		};
/* End PBXProject section */

/* Begin PBXResourcesBuildPhase section */
		BD3DB6B427FCCE330066DA43 /* Resources */ = {
			isa = PBXResourcesBuildPhase;
			buildActionMask = 2147483647;
			files = (
				BD3DB6DB27FCCE330066DA43 /* Assets.xcassets in Resources */,
			);
			runOnlyForDeploymentPostprocessing = 0;
		};
		BD3DB6BA27FCCE330066DA43 /* Resources */ = {
			isa = PBXResourcesBuildPhase;
			buildActionMask = 2147483647;
			files = (
				BD3DB6DC27FCCE330066DA43 /* Assets.xcassets in Resources */,
			);
			runOnlyForDeploymentPostprocessing = 0;
		};
		BD3DB70427FCD7600066DA43 /* Resources */ = {
			isa = PBXResourcesBuildPhase;
			buildActionMask = 2147483647;
			files = (
			);
			runOnlyForDeploymentPostprocessing = 0;
		};
		BD3DB71227FCD7B00066DA43 /* Resources */ = {
			isa = PBXResourcesBuildPhase;
			buildActionMask = 2147483647;
			files = (
			);
			runOnlyForDeploymentPostprocessing = 0;
		};
/* End PBXResourcesBuildPhase section */

/* Begin PBXSourcesBuildPhase section */
		BD3DB6B227FCCE330066DA43 /* Sources */ = {
			isa = PBXSourcesBuildPhase;
			buildActionMask = 2147483647;
			files = (
				BD3DB6F827FCD1520066DA43 /* URLHandlerFake.swift.swift in Sources */,
				BD3DB6FB27FCD2120066DA43 /* DefaultURLHandler.swift in Sources */,
				BD3DB6D927FCCE330066DA43 /* ContentView.swift in Sources */,
				BD3DB6D727FCCE330066DA43 /* SkeletonProjectApp.swift in Sources */,
				BD3DB6F527FCD0D60066DA43 /* URLHandler.swift in Sources */,
			);
			runOnlyForDeploymentPostprocessing = 0;
		};
		BD3DB6B827FCCE330066DA43 /* Sources */ = {
			isa = PBXSourcesBuildPhase;
			buildActionMask = 2147483647;
			files = (
				BD3DB6F927FCD1520066DA43 /* URLHandlerFake.swift.swift in Sources */,
				BD3DB6FC27FCD2120066DA43 /* DefaultURLHandler.swift in Sources */,
				BD3DB6DA27FCCE330066DA43 /* ContentView.swift in Sources */,
				BD3DB6D827FCCE330066DA43 /* SkeletonProjectApp.swift in Sources */,
				BD3DB6F627FCD0D60066DA43 /* URLHandler.swift in Sources */,
			);
			runOnlyForDeploymentPostprocessing = 0;
		};
		BD3DB70227FCD7600066DA43 /* Sources */ = {
			isa = PBXSourcesBuildPhase;
			buildActionMask = 2147483647;
			files = (
				BD3DB70F27FCD7750066DA43 /* DefaultURLHandlerTests.swift in Sources */,
			);
			runOnlyForDeploymentPostprocessing = 0;
		};
		BD3DB71027FCD7B00066DA43 /* Sources */ = {
			isa = PBXSourcesBuildPhase;
			buildActionMask = 2147483647;
			files = (
			);
			runOnlyForDeploymentPostprocessing = 0;
		};
/* End PBXSourcesBuildPhase section */

/* Begin PBXTargetDependency section */
		BD3DB70B27FCD7600066DA43 /* PBXTargetDependency */ = {
			isa = PBXTargetDependency;
			target = BD3DB6B527FCCE330066DA43 /* SkeletonProject (iOS) */;
			targetProxy = BD3DB70A27FCD7600066DA43 /* PBXContainerItemProxy */;
		};
		BD3DB71927FCD7B00066DA43 /* PBXTargetDependency */ = {
			isa = PBXTargetDependency;
			target = BD3DB6BB27FCCE330066DA43 /* SkeletonProject (macOS) */;
			targetProxy = BD3DB71827FCD7B00066DA43 /* PBXContainerItemProxy */;
		};
/* End PBXTargetDependency section */

/* Begin XCBuildConfiguration section */
		BD3DB6DD27FCCE330066DA43 /* Debug */ = {
			isa = XCBuildConfiguration;
			buildSettings = {
				ALWAYS_SEARCH_USER_PATHS = NO;
				CLANG_ANALYZER_NONNULL = YES;
				CLANG_ANALYZER_NUMBER_OBJECT_CONVERSION = YES_AGGRESSIVE;
				CLANG_CXX_LANGUAGE_STANDARD = "gnu++17";
				CLANG_ENABLE_MODULES = YES;
				CLANG_ENABLE_OBJC_ARC = YES;
				CLANG_ENABLE_OBJC_WEAK = YES;
				CLANG_WARN_BLOCK_CAPTURE_AUTORELEASING = YES;
				CLANG_WARN_BOOL_CONVERSION = YES;
				CLANG_WARN_COMMA = YES;
				CLANG_WARN_CONSTANT_CONVERSION = YES;
				CLANG_WARN_DEPRECATED_OBJC_IMPLEMENTATIONS = YES;
				CLANG_WARN_DIRECT_OBJC_ISA_USAGE = YES_ERROR;
				CLANG_WARN_DOCUMENTATION_COMMENTS = YES;
				CLANG_WARN_EMPTY_BODY = YES;
				CLANG_WARN_ENUM_CONVERSION = YES;
				CLANG_WARN_INFINITE_RECURSION = YES;
				CLANG_WARN_INT_CONVERSION = YES;
				CLANG_WARN_NON_LITERAL_NULL_CONVERSION = YES;
				CLANG_WARN_OBJC_IMPLICIT_RETAIN_SELF = YES;
				CLANG_WARN_OBJC_LITERAL_CONVERSION = YES;
				CLANG_WARN_OBJC_ROOT_CLASS = YES_ERROR;
				CLANG_WARN_QUOTED_INCLUDE_IN_FRAMEWORK_HEADER = YES;
				CLANG_WARN_RANGE_LOOP_ANALYSIS = YES;
				CLANG_WARN_STRICT_PROTOTYPES = YES;
				CLANG_WARN_SUSPICIOUS_MOVE = YES;
				CLANG_WARN_UNGUARDED_AVAILABILITY = YES_AGGRESSIVE;
				CLANG_WARN_UNREACHABLE_CODE = YES;
				CLANG_WARN__DUPLICATE_METHOD_MATCH = YES;
				COPY_PHASE_STRIP = NO;
				DEBUG_INFORMATION_FORMAT = dwarf;
				ENABLE_STRICT_OBJC_MSGSEND = YES;
				ENABLE_TESTABILITY = YES;
				GCC_C_LANGUAGE_STANDARD = gnu11;
				GCC_DYNAMIC_NO_PIC = NO;
				GCC_NO_COMMON_BLOCKS = YES;
				GCC_OPTIMIZATION_LEVEL = 0;
				GCC_PREPROCESSOR_DEFINITIONS = (
					"DEBUG=1",
					"$(inherited)",
				);
				GCC_WARN_64_TO_32_BIT_CONVERSION = YES;
				GCC_WARN_ABOUT_RETURN_TYPE = YES_ERROR;
				GCC_WARN_UNDECLARED_SELECTOR = YES;
				GCC_WARN_UNINITIALIZED_AUTOS = YES_AGGRESSIVE;
				GCC_WARN_UNUSED_FUNCTION = YES;
				GCC_WARN_UNUSED_VARIABLE = YES;
				MTL_ENABLE_DEBUG_INFO = INCLUDE_SOURCE;
				MTL_FAST_MATH = YES;
				ONLY_ACTIVE_ARCH = YES;
				SWIFT_ACTIVE_COMPILATION_CONDITIONS = DEBUG;
				SWIFT_OPTIMIZATION_LEVEL = "-Onone";
			};
			name = Debug;
		};
		BD3DB6DE27FCCE330066DA43 /* Release */ = {
			isa = XCBuildConfiguration;
			buildSettings = {
				ALWAYS_SEARCH_USER_PATHS = NO;
				CLANG_ANALYZER_NONNULL = YES;
				CLANG_ANALYZER_NUMBER_OBJECT_CONVERSION = YES_AGGRESSIVE;
				CLANG_CXX_LANGUAGE_STANDARD = "gnu++17";
				CLANG_ENABLE_MODULES = YES;
				CLANG_ENABLE_OBJC_ARC = YES;
				CLANG_ENABLE_OBJC_WEAK = YES;
				CLANG_WARN_BLOCK_CAPTURE_AUTORELEASING = YES;
				CLANG_WARN_BOOL_CONVERSION = YES;
				CLANG_WARN_COMMA = YES;
				CLANG_WARN_CONSTANT_CONVERSION = YES;
				CLANG_WARN_DEPRECATED_OBJC_IMPLEMENTATIONS = YES;
				CLANG_WARN_DIRECT_OBJC_ISA_USAGE = YES_ERROR;
				CLANG_WARN_DOCUMENTATION_COMMENTS = YES;
				CLANG_WARN_EMPTY_BODY = YES;
				CLANG_WARN_ENUM_CONVERSION = YES;
				CLANG_WARN_INFINITE_RECURSION = YES;
				CLANG_WARN_INT_CONVERSION = YES;
				CLANG_WARN_NON_LITERAL_NULL_CONVERSION = YES;
				CLANG_WARN_OBJC_IMPLICIT_RETAIN_SELF = YES;
				CLANG_WARN_OBJC_LITERAL_CONVERSION = YES;
				CLANG_WARN_OBJC_ROOT_CLASS = YES_ERROR;
				CLANG_WARN_QUOTED_INCLUDE_IN_FRAMEWORK_HEADER = YES;
				CLANG_WARN_RANGE_LOOP_ANALYSIS = YES;
				CLANG_WARN_STRICT_PROTOTYPES = YES;
				CLANG_WARN_SUSPICIOUS_MOVE = YES;
				CLANG_WARN_UNGUARDED_AVAILABILITY = YES_AGGRESSIVE;
				CLANG_WARN_UNREACHABLE_CODE = YES;
				CLANG_WARN__DUPLICATE_METHOD_MATCH = YES;
				COPY_PHASE_STRIP = NO;
				DEBUG_INFORMATION_FORMAT = "dwarf-with-dsym";
				ENABLE_NS_ASSERTIONS = NO;
				ENABLE_STRICT_OBJC_MSGSEND = YES;
				GCC_C_LANGUAGE_STANDARD = gnu11;
				GCC_NO_COMMON_BLOCKS = YES;
				GCC_WARN_64_TO_32_BIT_CONVERSION = YES;
				GCC_WARN_ABOUT_RETURN_TYPE = YES_ERROR;
				GCC_WARN_UNDECLARED_SELECTOR = YES;
				GCC_WARN_UNINITIALIZED_AUTOS = YES_AGGRESSIVE;
				GCC_WARN_UNUSED_FUNCTION = YES;
				GCC_WARN_UNUSED_VARIABLE = YES;
				MTL_ENABLE_DEBUG_INFO = NO;
				MTL_FAST_MATH = YES;
				SWIFT_COMPILATION_MODE = wholemodule;
				SWIFT_OPTIMIZATION_LEVEL = "-O";
			};
			name = Release;
		};
		BD3DB6E027FCCE330066DA43 /* Debug */ = {
			isa = XCBuildConfiguration;
			buildSettings = {
				ASSETCATALOG_COMPILER_APPICON_NAME = AppIcon;
				ASSETCATALOG_COMPILER_GLOBAL_ACCENT_COLOR_NAME = AccentColor;
				CODE_SIGN_STYLE = Automatic;
				CURRENT_PROJECT_VERSION = 1;
				ENABLE_PREVIEWS = YES;
				GENERATE_INFOPLIST_FILE = YES;
				INFOPLIST_KEY_UIApplicationSceneManifest_Generation = YES;
				INFOPLIST_KEY_UIApplicationSupportsIndirectInputEvents = YES;
				INFOPLIST_KEY_UILaunchScreen_Generation = YES;
				INFOPLIST_KEY_UISupportedInterfaceOrientations_iPad = "UIInterfaceOrientationPortrait UIInterfaceOrientationPortraitUpsideDown UIInterfaceOrientationLandscapeLeft UIInterfaceOrientationLandscapeRight";
				INFOPLIST_KEY_UISupportedInterfaceOrientations_iPhone = "UIInterfaceOrientationPortrait UIInterfaceOrientationLandscapeLeft UIInterfaceOrientationLandscapeRight";
				IPHONEOS_DEPLOYMENT_TARGET = 15.4;
				LD_RUNPATH_SEARCH_PATHS = (
					"$(inherited)",
					"@executable_path/Frameworks",
				);
				MARKETING_VERSION = 1.0;
				PRODUCT_BUNDLE_IDENTIFIER = com.patriknyblad.SkeletonProject;
				PRODUCT_NAME = SkeletonProject;
				SDKROOT = iphoneos;
				SWIFT_EMIT_LOC_STRINGS = YES;
				SWIFT_VERSION = 5.0;
				TARGETED_DEVICE_FAMILY = "1,2";
			};
			name = Debug;
		};
		BD3DB6E127FCCE330066DA43 /* Release */ = {
			isa = XCBuildConfiguration;
			buildSettings = {
				ASSETCATALOG_COMPILER_APPICON_NAME = AppIcon;
				ASSETCATALOG_COMPILER_GLOBAL_ACCENT_COLOR_NAME = AccentColor;
				CODE_SIGN_STYLE = Automatic;
				CURRENT_PROJECT_VERSION = 1;
				ENABLE_PREVIEWS = YES;
				GENERATE_INFOPLIST_FILE = YES;
				INFOPLIST_KEY_UIApplicationSceneManifest_Generation = YES;
				INFOPLIST_KEY_UIApplicationSupportsIndirectInputEvents = YES;
				INFOPLIST_KEY_UILaunchScreen_Generation = YES;
				INFOPLIST_KEY_UISupportedInterfaceOrientations_iPad = "UIInterfaceOrientationPortrait UIInterfaceOrientationPortraitUpsideDown UIInterfaceOrientationLandscapeLeft UIInterfaceOrientationLandscapeRight";
				INFOPLIST_KEY_UISupportedInterfaceOrientations_iPhone = "UIInterfaceOrientationPortrait UIInterfaceOrientationLandscapeLeft UIInterfaceOrientationLandscapeRight";
				IPHONEOS_DEPLOYMENT_TARGET = 15.4;
				LD_RUNPATH_SEARCH_PATHS = (
					"$(inherited)",
					"@executable_path/Frameworks",
				);
				MARKETING_VERSION = 1.0;
				PRODUCT_BUNDLE_IDENTIFIER = com.patriknyblad.SkeletonProject;
				PRODUCT_NAME = SkeletonProject;
				SDKROOT = iphoneos;
				SWIFT_EMIT_LOC_STRINGS = YES;
				SWIFT_VERSION = 5.0;
				TARGETED_DEVICE_FAMILY = "1,2";
				VALIDATE_PRODUCT = YES;
			};
			name = Release;
		};
		BD3DB6E327FCCE330066DA43 /* Debug */ = {
			isa = XCBuildConfiguration;
			buildSettings = {
				ASSETCATALOG_COMPILER_APPICON_NAME = AppIcon;
				ASSETCATALOG_COMPILER_GLOBAL_ACCENT_COLOR_NAME = AccentColor;
				CODE_SIGN_ENTITLEMENTS = App/macOS/macOS.entitlements;
				CODE_SIGN_STYLE = Automatic;
				COMBINE_HIDPI_IMAGES = YES;
				CURRENT_PROJECT_VERSION = 1;
				ENABLE_PREVIEWS = YES;
				GENERATE_INFOPLIST_FILE = YES;
				INFOPLIST_KEY_NSHumanReadableCopyright = "";
				LD_RUNPATH_SEARCH_PATHS = (
					"$(inherited)",
					"@executable_path/../Frameworks",
				);
				MACOSX_DEPLOYMENT_TARGET = 12.0;
				MARKETING_VERSION = 1.0;
				PRODUCT_BUNDLE_IDENTIFIER = com.patriknyblad.SkeletonProject;
				PRODUCT_NAME = SkeletonProject;
				SDKROOT = macosx;
				SWIFT_EMIT_LOC_STRINGS = YES;
				SWIFT_VERSION = 5.0;
			};
			name = Debug;
		};
		BD3DB6E427FCCE330066DA43 /* Release */ = {
			isa = XCBuildConfiguration;
			buildSettings = {
				ASSETCATALOG_COMPILER_APPICON_NAME = AppIcon;
				ASSETCATALOG_COMPILER_GLOBAL_ACCENT_COLOR_NAME = AccentColor;
				CODE_SIGN_ENTITLEMENTS = App/macOS/macOS.entitlements;
				CODE_SIGN_STYLE = Automatic;
				COMBINE_HIDPI_IMAGES = YES;
				CURRENT_PROJECT_VERSION = 1;
				ENABLE_PREVIEWS = YES;
				GENERATE_INFOPLIST_FILE = YES;
				INFOPLIST_KEY_NSHumanReadableCopyright = "";
				LD_RUNPATH_SEARCH_PATHS = (
					"$(inherited)",
					"@executable_path/../Frameworks",
				);
				MACOSX_DEPLOYMENT_TARGET = 12.0;
				MARKETING_VERSION = 1.0;
				PRODUCT_BUNDLE_IDENTIFIER = com.patriknyblad.SkeletonProject;
				PRODUCT_NAME = SkeletonProject;
				SDKROOT = macosx;
				SWIFT_EMIT_LOC_STRINGS = YES;
				SWIFT_VERSION = 5.0;
			};
			name = Release;
		};
		BD3DB70D27FCD7600066DA43 /* Debug */ = {
			isa = XCBuildConfiguration;
			buildSettings = {
				BUNDLE_LOADER = "$(TEST_HOST)";
				CODE_SIGN_STYLE = Automatic;
				CURRENT_PROJECT_VERSION = 1;
				GENERATE_INFOPLIST_FILE = YES;
				IPHONEOS_DEPLOYMENT_TARGET = 15.4;
				MARKETING_VERSION = 1.0;
				PRODUCT_BUNDLE_IDENTIFIER = "com.patriknyblad.SkeletonProjectUnitTests-iOS";
				PRODUCT_NAME = "$(TARGET_NAME)";
				SDKROOT = iphoneos;
				SWIFT_EMIT_LOC_STRINGS = NO;
				SWIFT_VERSION = 5.0;
				TARGETED_DEVICE_FAMILY = "1,2";
				TEST_HOST = "$(BUILT_PRODUCTS_DIR)/SkeletonProject.app/SkeletonProject";
			};
			name = Debug;
		};
		BD3DB70E27FCD7600066DA43 /* Release */ = {
			isa = XCBuildConfiguration;
			buildSettings = {
				BUNDLE_LOADER = "$(TEST_HOST)";
				CODE_SIGN_STYLE = Automatic;
				CURRENT_PROJECT_VERSION = 1;
				GENERATE_INFOPLIST_FILE = YES;
				IPHONEOS_DEPLOYMENT_TARGET = 15.4;
				MARKETING_VERSION = 1.0;
				PRODUCT_BUNDLE_IDENTIFIER = "com.patriknyblad.SkeletonProjectUnitTests-iOS";
				PRODUCT_NAME = "$(TARGET_NAME)";
				SDKROOT = iphoneos;
				SWIFT_EMIT_LOC_STRINGS = NO;
				SWIFT_VERSION = 5.0;
				TARGETED_DEVICE_FAMILY = "1,2";
				TEST_HOST = "$(BUILT_PRODUCTS_DIR)/SkeletonProject.app/SkeletonProject";
				VALIDATE_PRODUCT = YES;
			};
			name = Release;
		};
		BD3DB71B27FCD7B00066DA43 /* Debug */ = {
			isa = XCBuildConfiguration;
			buildSettings = {
				BUNDLE_LOADER = "$(TEST_HOST)";
				CODE_SIGN_STYLE = Automatic;
				CURRENT_PROJECT_VERSION = 1;
				GENERATE_INFOPLIST_FILE = YES;
				MACOSX_DEPLOYMENT_TARGET = 12.0;
				MARKETING_VERSION = 1.0;
				PRODUCT_BUNDLE_IDENTIFIER = "com.patriknyblad.SkeletonProjectUnitTests-MacOS";
				PRODUCT_NAME = "$(TARGET_NAME)";
				SDKROOT = macosx;
				SWIFT_EMIT_LOC_STRINGS = NO;
				SWIFT_VERSION = 5.0;
				TEST_HOST = "$(BUILT_PRODUCTS_DIR)/SkeletonProject.app/Contents/MacOS/SkeletonProject";
			};
			name = Debug;
		};
		BD3DB71C27FCD7B00066DA43 /* Release */ = {
			isa = XCBuildConfiguration;
			buildSettings = {
				BUNDLE_LOADER = "$(TEST_HOST)";
				CODE_SIGN_STYLE = Automatic;
				CURRENT_PROJECT_VERSION = 1;
				GENERATE_INFOPLIST_FILE = YES;
				MACOSX_DEPLOYMENT_TARGET = 12.0;
				MARKETING_VERSION = 1.0;
				PRODUCT_BUNDLE_IDENTIFIER = "com.patriknyblad.SkeletonProjectUnitTests-MacOS";
				PRODUCT_NAME = "$(TARGET_NAME)";
				SDKROOT = macosx;
				SWIFT_EMIT_LOC_STRINGS = NO;
				SWIFT_VERSION = 5.0;
				TEST_HOST = "$(BUILT_PRODUCTS_DIR)/SkeletonProject.app/Contents/MacOS/SkeletonProject";
			};
			name = Release;
		};
/* End XCBuildConfiguration section */

/* Begin XCConfigurationList section */
		BD3DB6AD27FCCE310066DA43 /* Build configuration list for PBXProject "SkeletonProject" */ = {
			isa = XCConfigurationList;
			buildConfigurations = (
				BD3DB6DD27FCCE330066DA43 /* Debug */,
				BD3DB6DE27FCCE330066DA43 /* Release */,
			);
			defaultConfigurationIsVisible = 0;
			defaultConfigurationName = Release;
		};
		BD3DB6DF27FCCE330066DA43 /* Build configuration list for PBXNativeTarget "SkeletonProject (iOS)" */ = {
			isa = XCConfigurationList;
			buildConfigurations = (
				BD3DB6E027FCCE330066DA43 /* Debug */,
				BD3DB6E127FCCE330066DA43 /* Release */,
			);
			defaultConfigurationIsVisible = 0;
			defaultConfigurationName = Release;
		};
		BD3DB6E227FCCE330066DA43 /* Build configuration list for PBXNativeTarget "SkeletonProject (macOS)" */ = {
			isa = XCConfigurationList;
			buildConfigurations = (
				BD3DB6E327FCCE330066DA43 /* Debug */,
				BD3DB6E427FCCE330066DA43 /* Release */,
			);
			defaultConfigurationIsVisible = 0;
			defaultConfigurationName = Release;
		};
		BD3DB70C27FCD7600066DA43 /* Build configuration list for PBXNativeTarget "SkeletonProjectUnitTests (iOS)" */ = {
			isa = XCConfigurationList;
			buildConfigurations = (
				BD3DB70D27FCD7600066DA43 /* Debug */,
				BD3DB70E27FCD7600066DA43 /* Release */,
			);
			defaultConfigurationIsVisible = 0;
			defaultConfigurationName = Release;
		};
		BD3DB71A27FCD7B00066DA43 /* Build configuration list for PBXNativeTarget "SkeletonProjectUnitTests (macOS)" */ = {
			isa = XCConfigurationList;
			buildConfigurations = (
				BD3DB71B27FCD7B00066DA43 /* Debug */,
				BD3DB71C27FCD7B00066DA43 /* Release */,
			);
			defaultConfigurationIsVisible = 0;
			defaultConfigurationName = Release;
		};
/* End XCConfigurationList section */
	};
	rootObject = BD3DB6AA27FCCE310066DA43 /* Project object */;
}
